// !$*UTF8*$!
{
	archiveVersion = 1;
	classes = {
	};
	objectVersion = 56;
	objects = {

/* Begin PBXBuildFile section */
		504654622ADD87AA00050563 /* CitySightApp.swift in Sources */ = {isa = PBXBuildFile; fileRef = 504654612ADD87AA00050563 /* CitySightApp.swift */; };
		504654642ADD87AB00050563 /* LaunchView.swift in Sources */ = {isa = PBXBuildFile; fileRef = 504654632ADD87AB00050563 /* LaunchView.swift */; };
		504654662ADD87AC00050563 /* Assets.xcassets in Resources */ = {isa = PBXBuildFile; fileRef = 504654652ADD87AC00050563 /* Assets.xcassets */; };
		504654692ADD87AC00050563 /* Preview Assets.xcassets in Resources */ = {isa = PBXBuildFile; fileRef = 504654682ADD87AC00050563 /* Preview Assets.xcassets */; };
		504654742ADD8A6100050563 /* ContentModel.swift in Sources */ = {isa = PBXBuildFile; fileRef = 504654732ADD8A6100050563 /* ContentModel.swift */; };
		504654782ADDDD4D00050563 /* Business.swift in Sources */ = {isa = PBXBuildFile; fileRef = 504654772ADDDD4D00050563 /* Business.swift */; };
		5046547A2ADDDEE900050563 /* BusinessSearch.swift in Sources */ = {isa = PBXBuildFile; fileRef = 504654792ADDDEE900050563 /* BusinessSearch.swift */; };
		5046547D2ADEEABC00050563 /* Constants.swift in Sources */ = {isa = PBXBuildFile; fileRef = 5046547C2ADEEABC00050563 /* Constants.swift */; };
		504654A42ADF6E0200050563 /* HomeView.swift in Sources */ = {isa = PBXBuildFile; fileRef = 504654A32ADF6E0200050563 /* HomeView.swift */; };
		504654A72ADF752000050563 /* BusinessList.swift in Sources */ = {isa = PBXBuildFile; fileRef = 504654A62ADF752000050563 /* BusinessList.swift */; };
		504654A92ADF860D00050563 /* BusinessSectionHeaders.swift in Sources */ = {isa = PBXBuildFile; fileRef = 504654A82ADF860D00050563 /* BusinessSectionHeaders.swift */; };
		504654AB2ADF872200050563 /* BusinessSection.swift in Sources */ = {isa = PBXBuildFile; fileRef = 504654AA2ADF872200050563 /* BusinessSection.swift */; };
		504654AD2AE0797200050563 /* BusinessRow.swift in Sources */ = {isa = PBXBuildFile; fileRef = 504654AC2AE0797200050563 /* BusinessRow.swift */; };
		509888662AE2D00500E79A03 /* BusinessDetail.swift in Sources */ = {isa = PBXBuildFile; fileRef = 509888652AE2D00500E79A03 /* BusinessDetail.swift */; };
		50FF43062AE702AE00B87AB7 /* BusinessMap.swift in Sources */ = {isa = PBXBuildFile; fileRef = 50FF43052AE702AE00B87AB7 /* BusinessMap.swift */; };
/* End PBXBuildFile section */

/* Begin PBXFileReference section */
		5046545E2ADD87AA00050563 /* CitySightApp2.app */ = {isa = PBXFileReference; explicitFileType = wrapper.application; includeInIndex = 0; path = CitySightApp2.app; sourceTree = BUILT_PRODUCTS_DIR; };
		504654612ADD87AA00050563 /* CitySightApp.swift */ = {isa = PBXFileReference; lastKnownFileType = sourcecode.swift; path = CitySightApp.swift; sourceTree = "<group>"; };
		504654632ADD87AB00050563 /* LaunchView.swift */ = {isa = PBXFileReference; lastKnownFileType = sourcecode.swift; path = LaunchView.swift; sourceTree = "<group>"; };
		504654652ADD87AC00050563 /* Assets.xcassets */ = {isa = PBXFileReference; lastKnownFileType = folder.assetcatalog; path = Assets.xcassets; sourceTree = "<group>"; };
		504654682ADD87AC00050563 /* Preview Assets.xcassets */ = {isa = PBXFileReference; lastKnownFileType = folder.assetcatalog; path = "Preview Assets.xcassets"; sourceTree = "<group>"; };
		504654732ADD8A6100050563 /* ContentModel.swift */ = {isa = PBXFileReference; lastKnownFileType = sourcecode.swift; path = ContentModel.swift; sourceTree = "<group>"; };
		504654752ADDD4A800050563 /* Config.xcconfig */ = {isa = PBXFileReference; lastKnownFileType = text.xcconfig; path = Config.xcconfig; sourceTree = "<group>"; };
		504654762ADDD59C00050563 /* Info.plist */ = {isa = PBXFileReference; lastKnownFileType = text.plist; path = Info.plist; sourceTree = "<group>"; };
		504654772ADDDD4D00050563 /* Business.swift */ = {isa = PBXFileReference; lastKnownFileType = sourcecode.swift; path = Business.swift; sourceTree = "<group>"; };
		504654792ADDDEE900050563 /* BusinessSearch.swift */ = {isa = PBXFileReference; lastKnownFileType = sourcecode.swift; path = BusinessSearch.swift; sourceTree = "<group>"; };
		5046547C2ADEEABC00050563 /* Constants.swift */ = {isa = PBXFileReference; lastKnownFileType = sourcecode.swift; path = Constants.swift; sourceTree = "<group>"; };
		504654A32ADF6E0200050563 /* HomeView.swift */ = {isa = PBXFileReference; lastKnownFileType = sourcecode.swift; path = HomeView.swift; sourceTree = "<group>"; };
		504654A62ADF752000050563 /* BusinessList.swift */ = {isa = PBXFileReference; lastKnownFileType = sourcecode.swift; path = BusinessList.swift; sourceTree = "<group>"; };
		504654A82ADF860D00050563 /* BusinessSectionHeaders.swift */ = {isa = PBXFileReference; lastKnownFileType = sourcecode.swift; path = BusinessSectionHeaders.swift; sourceTree = "<group>"; };
		504654AA2ADF872200050563 /* BusinessSection.swift */ = {isa = PBXFileReference; lastKnownFileType = sourcecode.swift; path = BusinessSection.swift; sourceTree = "<group>"; };
		504654AC2AE0797200050563 /* BusinessRow.swift */ = {isa = PBXFileReference; lastKnownFileType = sourcecode.swift; path = BusinessRow.swift; sourceTree = "<group>"; };
		509888652AE2D00500E79A03 /* BusinessDetail.swift */ = {isa = PBXFileReference; lastKnownFileType = sourcecode.swift; path = BusinessDetail.swift; sourceTree = "<group>"; };
		50FF43052AE702AE00B87AB7 /* BusinessMap.swift */ = {isa = PBXFileReference; lastKnownFileType = sourcecode.swift; path = BusinessMap.swift; sourceTree = "<group>"; };
/* End PBXFileReference section */

/* Begin PBXFrameworksBuildPhase section */
		5046545B2ADD87AA00050563 /* Frameworks */ = {
			isa = PBXFrameworksBuildPhase;
			buildActionMask = 2147483647;
			files = (
			);
			runOnlyForDeploymentPostprocessing = 0;
		};
/* End PBXFrameworksBuildPhase section */

/* Begin PBXGroup section */
		504654552ADD87AA00050563 = {
			isa = PBXGroup;
			children = (
				504654602ADD87AA00050563 /* CitySightApp2 */,
				5046545F2ADD87AA00050563 /* Products */,
			);
			sourceTree = "<group>";
		};
		5046545F2ADD87AA00050563 /* Products */ = {
			isa = PBXGroup;
			children = (
				5046545E2ADD87AA00050563 /* CitySightApp2.app */,
			);
			name = Products;
			sourceTree = "<group>";
		};
		504654602ADD87AA00050563 /* CitySightApp2 */ = {
			isa = PBXGroup;
			children = (
				504654612ADD87AA00050563 /* CitySightApp.swift */,
				504654752ADDD4A800050563 /* Config.xcconfig */,
				504654762ADDD59C00050563 /* Info.plist */,
				5046546F2ADD88AE00050563 /* Views */,
				504654702ADD88B000050563 /* ViewModel */,
				504654712ADD88B300050563 /* Model */,
				504654672ADD87AC00050563 /* Preview Content */,
			);
			path = CitySightApp2;
			sourceTree = "<group>";
		};
		504654672ADD87AC00050563 /* Preview Content */ = {
			isa = PBXGroup;
			children = (
				504654652ADD87AC00050563 /* Assets.xcassets */,
				504654682ADD87AC00050563 /* Preview Assets.xcassets */,
			);
			path = "Preview Content";
			sourceTree = "<group>";
		};
		5046546F2ADD88AE00050563 /* Views */ = {
			isa = PBXGroup;
			children = (
				504654632ADD87AB00050563 /* LaunchView.swift */,
				504654A22ADF6DEF00050563 /* Home */,
			);
			path = Views;
			sourceTree = "<group>";
		};
		504654702ADD88B000050563 /* ViewModel */ = {
			isa = PBXGroup;
			children = (
				504654732ADD8A6100050563 /* ContentModel.swift */,
			);
			path = ViewModel;
			sourceTree = "<group>";
		};
		504654712ADD88B300050563 /* Model */ = {
			isa = PBXGroup;
			children = (
				504654772ADDDD4D00050563 /* Business.swift */,
				504654792ADDDEE900050563 /* BusinessSearch.swift */,
				5046547B2ADEEAA700050563 /* Helpers */,
			);
			path = Model;
			sourceTree = "<group>";
		};
		5046547B2ADEEAA700050563 /* Helpers */ = {
			isa = PBXGroup;
			children = (
				5046547C2ADEEABC00050563 /* Constants.swift */,
			);
			path = Helpers;
			sourceTree = "<group>";
		};
		504654A12ADF6DEC00050563 /* Detail */ = {
			isa = PBXGroup;
			children = (
				509888652AE2D00500E79A03 /* BusinessDetail.swift */,
			);
			path = Detail;
			sourceTree = "<group>";
		};
		504654A22ADF6DEF00050563 /* Home */ = {
			isa = PBXGroup;
			children = (
				504654A32ADF6E0200050563 /* HomeView.swift */,
				504654A12ADF6DEC00050563 /* Detail */,
				50FF43042AE7029200B87AB7 /* Map */,
				504654A52ADF750E00050563 /* List */,
			);
			path = Home;
			sourceTree = "<group>";
		};
		504654A52ADF750E00050563 /* List */ = {
			isa = PBXGroup;
			children = (
				504654A62ADF752000050563 /* BusinessList.swift */,
				504654A82ADF860D00050563 /* BusinessSectionHeaders.swift */,
				504654AA2ADF872200050563 /* BusinessSection.swift */,
				504654AC2AE0797200050563 /* BusinessRow.swift */,
			);
			path = List;
			sourceTree = "<group>";
		};
		50FF43042AE7029200B87AB7 /* Map */ = {
			isa = PBXGroup;
			children = (
				50FF43052AE702AE00B87AB7 /* BusinessMap.swift */,
			);
			path = Map;
			sourceTree = "<group>";
		};
/* End PBXGroup section */

/* Begin PBXNativeTarget section */
		5046545D2ADD87AA00050563 /* CitySightApp2 */ = {
			isa = PBXNativeTarget;
			buildConfigurationList = 5046546C2ADD87AC00050563 /* Build configuration list for PBXNativeTarget "CitySightApp2" */;
			buildPhases = (
				5046545A2ADD87AA00050563 /* Sources */,
				5046545B2ADD87AA00050563 /* Frameworks */,
				5046545C2ADD87AA00050563 /* Resources */,
			);
			buildRules = (
			);
			dependencies = (
			);
			name = CitySightApp2;
			productName = CitySightApp2;
			productReference = 5046545E2ADD87AA00050563 /* CitySightApp2.app */;
			productType = "com.apple.product-type.application";
		};
/* End PBXNativeTarget section */

/* Begin PBXProject section */
		504654562ADD87AA00050563 /* Project object */ = {
			isa = PBXProject;
			attributes = {
				BuildIndependentTargetsInParallel = 1;
				LastSwiftUpdateCheck = 1500;
				LastUpgradeCheck = 1500;
				TargetAttributes = {
					5046545D2ADD87AA00050563 = {
						CreatedOnToolsVersion = 15.0;
					};
				};
			};
			buildConfigurationList = 504654592ADD87AA00050563 /* Build configuration list for PBXProject "CitySightApp2" */;
			compatibilityVersion = "Xcode 14.0";
			developmentRegion = en;
			hasScannedForEncodings = 0;
			knownRegions = (
				en,
				Base,
			);
			mainGroup = 504654552ADD87AA00050563;
			productRefGroup = 5046545F2ADD87AA00050563 /* Products */;
			projectDirPath = "";
			projectRoot = "";
			targets = (
				5046545D2ADD87AA00050563 /* CitySightApp2 */,
			);
		};
/* End PBXProject section */

/* Begin PBXResourcesBuildPhase section */
		5046545C2ADD87AA00050563 /* Resources */ = {
			isa = PBXResourcesBuildPhase;
			buildActionMask = 2147483647;
			files = (
				504654692ADD87AC00050563 /* Preview Assets.xcassets in Resources */,
				504654662ADD87AC00050563 /* Assets.xcassets in Resources */,
			);
			runOnlyForDeploymentPostprocessing = 0;
		};
/* End PBXResourcesBuildPhase section */

/* Begin PBXSourcesBuildPhase section */
		5046545A2ADD87AA00050563 /* Sources */ = {
			isa = PBXSourcesBuildPhase;
			buildActionMask = 2147483647;
			files = (
				504654A92ADF860D00050563 /* BusinessSectionHeaders.swift in Sources */,
				504654AD2AE0797200050563 /* BusinessRow.swift in Sources */,
				504654642ADD87AB00050563 /* LaunchView.swift in Sources */,
				504654A42ADF6E0200050563 /* HomeView.swift in Sources */,
				504654782ADDDD4D00050563 /* Business.swift in Sources */,
				504654742ADD8A6100050563 /* ContentModel.swift in Sources */,
				509888662AE2D00500E79A03 /* BusinessDetail.swift in Sources */,
				5046547A2ADDDEE900050563 /* BusinessSearch.swift in Sources */,
				504654A72ADF752000050563 /* BusinessList.swift in Sources */,
				50FF43062AE702AE00B87AB7 /* BusinessMap.swift in Sources */,
				504654AB2ADF872200050563 /* BusinessSection.swift in Sources */,
				504654622ADD87AA00050563 /* CitySightApp.swift in Sources */,
				5046547D2ADEEABC00050563 /* Constants.swift in Sources */,
			);
			runOnlyForDeploymentPostprocessing = 0;
		};
/* End PBXSourcesBuildPhase section */

/* Begin XCBuildConfiguration section */
		5046546A2ADD87AC00050563 /* Debug */ = {
			isa = XCBuildConfiguration;
			baseConfigurationReference = 504654752ADDD4A800050563 /* Config.xcconfig */;
			buildSettings = {
				ALWAYS_SEARCH_USER_PATHS = NO;
				ASSETCATALOG_COMPILER_GENERATE_SWIFT_ASSET_SYMBOL_EXTENSIONS = YES;
				CLANG_ANALYZER_NONNULL = YES;
				CLANG_ANALYZER_NUMBER_OBJECT_CONVERSION = YES_AGGRESSIVE;
				CLANG_CXX_LANGUAGE_STANDARD = "gnu++20";
				CLANG_ENABLE_MODULES = YES;
				CLANG_ENABLE_OBJC_ARC = YES;
				CLANG_ENABLE_OBJC_WEAK = YES;
				CLANG_WARN_BLOCK_CAPTURE_AUTORELEASING = YES;
				CLANG_WARN_BOOL_CONVERSION = YES;
				CLANG_WARN_COMMA = YES;
				CLANG_WARN_CONSTANT_CONVERSION = YES;
				CLANG_WARN_DEPRECATED_OBJC_IMPLEMENTATIONS = YES;
				CLANG_WARN_DIRECT_OBJC_ISA_USAGE = YES_ERROR;
				CLANG_WARN_DOCUMENTATION_COMMENTS = YES;
				CLANG_WARN_EMPTY_BODY = YES;
				CLANG_WARN_ENUM_CONVERSION = YES;
				CLANG_WARN_INFINITE_RECURSION = YES;
				CLANG_WARN_INT_CONVERSION = YES;
				CLANG_WARN_NON_LITERAL_NULL_CONVERSION = YES;
				CLANG_WARN_OBJC_IMPLICIT_RETAIN_SELF = YES;
				CLANG_WARN_OBJC_LITERAL_CONVERSION = YES;
				CLANG_WARN_OBJC_ROOT_CLASS = YES_ERROR;
				CLANG_WARN_QUOTED_INCLUDE_IN_FRAMEWORK_HEADER = YES;
				CLANG_WARN_RANGE_LOOP_ANALYSIS = YES;
				CLANG_WARN_STRICT_PROTOTYPES = YES;
				CLANG_WARN_SUSPICIOUS_MOVE = YES;
				CLANG_WARN_UNGUARDED_AVAILABILITY = YES_AGGRESSIVE;
				CLANG_WARN_UNREACHABLE_CODE = YES;
				CLANG_WARN__DUPLICATE_METHOD_MATCH = YES;
				COPY_PHASE_STRIP = NO;
				DEBUG_INFORMATION_FORMAT = dwarf;
				ENABLE_STRICT_OBJC_MSGSEND = YES;
				ENABLE_TESTABILITY = YES;
				ENABLE_USER_SCRIPT_SANDBOXING = YES;
				GCC_C_LANGUAGE_STANDARD = gnu17;
				GCC_DYNAMIC_NO_PIC = NO;
				GCC_NO_COMMON_BLOCKS = YES;
				GCC_OPTIMIZATION_LEVEL = 0;
				GCC_PREPROCESSOR_DEFINITIONS = (
					"DEBUG=1",
					"$(inherited)",
				);
				GCC_WARN_64_TO_32_BIT_CONVERSION = YES;
				GCC_WARN_ABOUT_RETURN_TYPE = YES_ERROR;
				GCC_WARN_UNDECLARED_SELECTOR = YES;
				GCC_WARN_UNINITIALIZED_AUTOS = YES_AGGRESSIVE;
				GCC_WARN_UNUSED_FUNCTION = YES;
				GCC_WARN_UNUSED_VARIABLE = YES;
				IPHONEOS_DEPLOYMENT_TARGET = 17.0;
				LOCALIZATION_PREFERS_STRING_CATALOGS = YES;
				MTL_ENABLE_DEBUG_INFO = INCLUDE_SOURCE;
				MTL_FAST_MATH = YES;
				ONLY_ACTIVE_ARCH = YES;
				SDKROOT = iphoneos;
				SWIFT_ACTIVE_COMPILATION_CONDITIONS = "DEBUG $(inherited)";
				SWIFT_OPTIMIZATION_LEVEL = "-Onone";
			};
			name = Debug;
		};
		5046546B2ADD87AC00050563 /* Release */ = {
			isa = XCBuildConfiguration;
			baseConfigurationReference = 504654752ADDD4A800050563 /* Config.xcconfig */;
			buildSettings = {
				ALWAYS_SEARCH_USER_PATHS = NO;
				ASSETCATALOG_COMPILER_GENERATE_SWIFT_ASSET_SYMBOL_EXTENSIONS = YES;
				CLANG_ANALYZER_NONNULL = YES;
				CLANG_ANALYZER_NUMBER_OBJECT_CONVERSION = YES_AGGRESSIVE;
				CLANG_CXX_LANGUAGE_STANDARD = "gnu++20";
				CLANG_ENABLE_MODULES = YES;
				CLANG_ENABLE_OBJC_ARC = YES;
				CLANG_ENABLE_OBJC_WEAK = YES;
				CLANG_WARN_BLOCK_CAPTURE_AUTORELEASING = YES;
				CLANG_WARN_BOOL_CONVERSION = YES;
				CLANG_WARN_COMMA = YES;
				CLANG_WARN_CONSTANT_CONVERSION = YES;
				CLANG_WARN_DEPRECATED_OBJC_IMPLEMENTATIONS = YES;
				CLANG_WARN_DIRECT_OBJC_ISA_USAGE = YES_ERROR;
				CLANG_WARN_DOCUMENTATION_COMMENTS = YES;
				CLANG_WARN_EMPTY_BODY = YES;
				CLANG_WARN_ENUM_CONVERSION = YES;
				CLANG_WARN_INFINITE_RECURSION = YES;
				CLANG_WARN_INT_CONVERSION = YES;
				CLANG_WARN_NON_LITERAL_NULL_CONVERSION = YES;
				CLANG_WARN_OBJC_IMPLICIT_RETAIN_SELF = YES;
				CLANG_WARN_OBJC_LITERAL_CONVERSION = YES;
				CLANG_WARN_OBJC_ROOT_CLASS = YES_ERROR;
				CLANG_WARN_QUOTED_INCLUDE_IN_FRAMEWORK_HEADER = YES;
				CLANG_WARN_RANGE_LOOP_ANALYSIS = YES;
				CLANG_WARN_STRICT_PROTOTYPES = YES;
				CLANG_WARN_SUSPICIOUS_MOVE = YES;
				CLANG_WARN_UNGUARDED_AVAILABILITY = YES_AGGRESSIVE;
				CLANG_WARN_UNREACHABLE_CODE = YES;
				CLANG_WARN__DUPLICATE_METHOD_MATCH = YES;
				COPY_PHASE_STRIP = NO;
				DEBUG_INFORMATION_FORMAT = "dwarf-with-dsym";
				ENABLE_NS_ASSERTIONS = NO;
				ENABLE_STRICT_OBJC_MSGSEND = YES;
				ENABLE_USER_SCRIPT_SANDBOXING = YES;
				GCC_C_LANGUAGE_STANDARD = gnu17;
				GCC_NO_COMMON_BLOCKS = YES;
				GCC_WARN_64_TO_32_BIT_CONVERSION = YES;
				GCC_WARN_ABOUT_RETURN_TYPE = YES_ERROR;
				GCC_WARN_UNDECLARED_SELECTOR = YES;
				GCC_WARN_UNINITIALIZED_AUTOS = YES_AGGRESSIVE;
				GCC_WARN_UNUSED_FUNCTION = YES;
				GCC_WARN_UNUSED_VARIABLE = YES;
				IPHONEOS_DEPLOYMENT_TARGET = 17.0;
				LOCALIZATION_PREFERS_STRING_CATALOGS = YES;
				MTL_ENABLE_DEBUG_INFO = NO;
				MTL_FAST_MATH = YES;
				SDKROOT = iphoneos;
				SWIFT_COMPILATION_MODE = wholemodule;
				VALIDATE_PRODUCT = YES;
			};
			name = Release;
		};
		5046546D2ADD87AC00050563 /* Debug */ = {
			isa = XCBuildConfiguration;
			buildSettings = {
				ASSETCATALOG_COMPILER_APPICON_NAME = AppIcon;
				ASSETCATALOG_COMPILER_GLOBAL_ACCENT_COLOR_NAME = AccentColor;
				CODE_SIGN_STYLE = Automatic;
				CURRENT_PROJECT_VERSION = 1;
				DEVELOPMENT_ASSET_PATHS = "\"CitySightApp2/Preview Content\"";
				ENABLE_PREVIEWS = YES;
				GENERATE_INFOPLIST_FILE = YES;
				INFOPLIST_FILE = CitySightApp2/Info.plist;
				INFOPLIST_KEY_NSLocationWhenInUseUsageDescription = "Grant location find new restaurants";
				INFOPLIST_KEY_UIApplicationSceneManifest_Generation = YES;
				INFOPLIST_KEY_UIApplicationSupportsIndirectInputEvents = YES;
				INFOPLIST_KEY_UILaunchScreen_Generation = YES;
				INFOPLIST_KEY_UISupportedInterfaceOrientations_iPad = "UIInterfaceOrientationPortrait UIInterfaceOrientationPortraitUpsideDown UIInterfaceOrientationLandscapeLeft UIInterfaceOrientationLandscapeRight";
				INFOPLIST_KEY_UISupportedInterfaceOrientations_iPhone = "UIInterfaceOrientationPortrait UIInterfaceOrientationLandscapeLeft UIInterfaceOrientationLandscapeRight";
				LD_RUNPATH_SEARCH_PATHS = (
					"$(inherited)",
					"@executable_path/Frameworks",
				);
				MARKETING_VERSION = 1.0;
				PRODUCT_BUNDLE_IDENTIFIER = RAKHYUN.CitySightApp2;
				PRODUCT_NAME = "$(TARGET_NAME)";
				SWIFT_EMIT_LOC_STRINGS = YES;
				SWIFT_VERSION = 5.0;
				TARGETED_DEVICE_FAMILY = "1,2";
			};
			name = Debug;
		};
		5046546E2ADD87AC00050563 /* Release */ = {
			isa = XCBuildConfiguration;
			buildSettings = {
				ASSETCATALOG_COMPILER_APPICON_NAME = AppIcon;
				ASSETCATALOG_COMPILER_GLOBAL_ACCENT_COLOR_NAME = AccentColor;
				CODE_SIGN_STYLE = Automatic;
				CURRENT_PROJECT_VERSION = 1;
				DEVELOPMENT_ASSET_PATHS = "\"CitySightApp2/Preview Content\"";
				ENABLE_PREVIEWS = YES;
				GENERATE_INFOPLIST_FILE = YES;
				INFOPLIST_FILE = CitySightApp2/Info.plist;
				INFOPLIST_KEY_NSLocationWhenInUseUsageDescription = "Grant location find new restaurants";
				INFOPLIST_KEY_UIApplicationSceneManifest_Generation = YES;
				INFOPLIST_KEY_UIApplicationSupportsIndirectInputEvents = YES;
				INFOPLIST_KEY_UILaunchScreen_Generation = YES;
				INFOPLIST_KEY_UISupportedInterfaceOrientations_iPad = "UIInterfaceOrientationPortrait UIInterfaceOrientationPortraitUpsideDown UIInterfaceOrientationLandscapeLeft UIInterfaceOrientationLandscapeRight";
				INFOPLIST_KEY_UISupportedInterfaceOrientations_iPhone = "UIInterfaceOrientationPortrait UIInterfaceOrientationLandscapeLeft UIInterfaceOrientationLandscapeRight";
				LD_RUNPATH_SEARCH_PATHS = (
					"$(inherited)",
					"@executable_path/Frameworks",
				);
				MARKETING_VERSION = 1.0;
				PRODUCT_BUNDLE_IDENTIFIER = RAKHYUN.CitySightApp2;
				PRODUCT_NAME = "$(TARGET_NAME)";
				SWIFT_EMIT_LOC_STRINGS = YES;
				SWIFT_VERSION = 5.0;
				TARGETED_DEVICE_FAMILY = "1,2";
			};
			name = Release;
		};
/* End XCBuildConfiguration section */

/* Begin XCConfigurationList section */
		504654592ADD87AA00050563 /* Build configuration list for PBXProject "CitySightApp2" */ = {
			isa = XCConfigurationList;
			buildConfigurations = (
				5046546A2ADD87AC00050563 /* Debug */,
				5046546B2ADD87AC00050563 /* Release */,
			);
			defaultConfigurationIsVisible = 0;
			defaultConfigurationName = Release;
		};
		5046546C2ADD87AC00050563 /* Build configuration list for PBXNativeTarget "CitySightApp2" */ = {
			isa = XCConfigurationList;
			buildConfigurations = (
				5046546D2ADD87AC00050563 /* Debug */,
				5046546E2ADD87AC00050563 /* Release */,
			);
			defaultConfigurationIsVisible = 0;
			defaultConfigurationName = Release;
		};
/* End XCConfigurationList section */
	};
	rootObject = 504654562ADD87AA00050563 /* Project object */;
}
